{
  "originHash" : "7183b1ed521086df4ef94d21871e49b643d9ffa861238e4611f873619030802b",
  "pins" : [
    {
      "identity" : "ios-matter",
      "kind" : "remoteSourceControl",
      "location" : "git@github.com:sylwester-zielinski/ios-matter.git",
      "state" : {
        "revision" : "bf9e29d2c4c0cfd262d9b55ed459221e360fd403",
        "version" : "0.0.5"
      }
    },
    {
      "identity" : "pulse",
      "kind" : "remoteSourceControl",
      "location" : "https://github.com/kean/Pulse",
      "state" : {
        "revision" : "94b92731d370c129bb771e9c18f69b0a44ccca5c",
        "version" : "5.2.3"
      }
    }
  ],
  "version" : 3
}
