{
  "pins" : [
    {
      "identity" : "ios-matter",
      "kind" : "remoteSourceControl",
      "location" : "git@github.com:sylwester-zielinski/ios-matter.git",
      "state" : {
        "revision" : "a210676b606487048193355d163a4b44cf38b803",
        "version" : "0.0.9"
      }
    },
    {
      "identity" : "pulse",
      "kind" : "remoteSourceControl",
      "location" : "https://github.com/kean/Pulse",
      "state" : {
        "revision" : "94b92731d370c129bb771e9c18f69b0a44ccca5c",
        "version" : "5.2.3"
      }
    }
  ],
  "version" : 2
}
