{
  "pins" : [
    {
      "identity" : "ios-matter",
      "kind" : "remoteSourceControl",
      "location" : "git@github.com:sylwester-zielinski/ios-matter.git",
      "state" : {
        "revision" : "9d8a4f1c83d4af7e381710ef6cf0148fe3c3fa8a",
        "version" : "0.0.11"
      }
    },
    {
      "identity" : "pulse",
      "kind" : "remoteSourceControl",
      "location" : "https://github.com/kean/Pulse",
      "state" : {
        "revision" : "94b92731d370c129bb771e9c18f69b0a44ccca5c",
        "version" : "5.2.3"
      }
    }
  ],
  "version" : 2
}
